
Microsoft Visual Studio Solution File, Format Version 12.00
# Visual Studio 15
VisualStudioVersion = 15.0.27428.2005
MinimumVisualStudioVersion = 10.0.40219.1
Project("{FAE04EC0-301F-11D3-BF4B-00C04F79EFBC}") = "NET.S.2018.Karakouski.6", "NET.S.2018.Karakouski.6\NET.S.2018.Karakouski.6.csproj", "{5F5C7CE8-2FC0-4330-8A77-3576AE0EC50B}"
EndProject
Project("{FAE04EC0-301F-11D3-BF4B-00C04F79EFBC}") = "NET.S.2018.Karakouski.6.Tests", "NET.S.2018.Karakouski.6.Tests\NET.S.2018.Karakouski.6.Tests.csproj", "{F39D488B-D79E-4818-9EC9-666B32666839}"
EndProject
Global
	GlobalSection(SolutionConfigurationPlatforms) = preSolution
		Debug|Any CPU = Debug|Any CPU
		Release|Any CPU = Release|Any CPU
	EndGlobalSection
	GlobalSection(ProjectConfigurationPlatforms) = postSolution
		{5F5C7CE8-2FC0-4330-8A77-3576AE0EC50B}.Debug|Any CPU.ActiveCfg = Debug|Any CPU
		{5F5C7CE8-2FC0-4330-8A77-3576AE0EC50B}.Debug|Any CPU.Build.0 = Debug|Any CPU
		{5F5C7CE8-2FC0-4330-8A77-3576AE0EC50B}.Release|Any CPU.ActiveCfg = Release|Any CPU
		{5F5C7CE8-2FC0-4330-8A77-3576AE0EC50B}.Release|Any CPU.Build.0 = Release|Any CPU
		{F39D488B-D79E-4818-9EC9-666B32666839}.Debug|Any CPU.ActiveCfg = Debug|Any CPU
		{F39D488B-D79E-4818-9EC9-666B32666839}.Debug|Any CPU.Build.0 = Debug|Any CPU
		{F39D488B-D79E-4818-9EC9-666B32666839}.Release|Any CPU.ActiveCfg = Release|Any CPU
		{F39D488B-D79E-4818-9EC9-666B32666839}.Release|Any CPU.Build.0 = Release|Any CPU
	EndGlobalSection
	GlobalSection(SolutionProperties) = preSolution
		HideSolutionNode = FALSE
	EndGlobalSection
	GlobalSection(ExtensibilityGlobals) = postSolution
		SolutionGuid = {6C52F7F3-FBAE-4EDD-A78A-4F5A127C492D}
	EndGlobalSection
EndGlobal
